
Microsoft Visual Studio Solution File, Format Version 12.00
# Visual Studio 15
VisualStudioVersion = 15.0.28307.489
MinimumVisualStudioVersion = 10.0.40219.1
Project("{FAE04EC0-301F-11D3-BF4B-00C04F79EFBC}") = "ProvaFacil", "ProvaFacil\ProvaFacil.csproj", "{76060019-44B8-466F-89FA-8FEBC4222330}"
EndProject
Global
	GlobalSection(SolutionConfigurationPlatforms) = preSolution
		Debug|Any CPU = Debug|Any CPU
		Release|Any CPU = Release|Any CPU
	EndGlobalSection
	GlobalSection(ProjectConfigurationPlatforms) = postSolution
		{76060019-44B8-466F-89FA-8FEBC4222330}.Debug|Any CPU.ActiveCfg = Debug|Any CPU
		{76060019-44B8-466F-89FA-8FEBC4222330}.Debug|Any CPU.Build.0 = Debug|Any CPU
		{76060019-44B8-466F-89FA-8FEBC4222330}.Release|Any CPU.ActiveCfg = Release|Any CPU
		{76060019-44B8-466F-89FA-8FEBC4222330}.Release|Any CPU.Build.0 = Release|Any CPU
	EndGlobalSection
	GlobalSection(SolutionProperties) = preSolution
		HideSolutionNode = FALSE
	EndGlobalSection
	GlobalSection(ExtensibilityGlobals) = postSolution
		SolutionGuid = {86A05E5A-17BF-4202-8323-863313A1C925}
	EndGlobalSection
EndGlobal
